
Microsoft Visual Studio Solution File, Format Version 12.00
# Visual Studio Version 17
VisualStudioVersion = 17.6.33513.286
MinimumVisualStudioVersion = 10.0.40219.1
Project("{9A19103F-16F7-4668-BE54-9A1E7A4F7556}") = "StartFMS.Extensions.Line", "..\..\library\StartFMS.Extensions.Line\StartFMS.Extensions.Line.csproj", "{22902879-0CDD-4D7F-BD07-0D72835426D0}"
EndProject
Project("{9A19103F-16F7-4668-BE54-9A1E7A4F7556}") = "StartFMS.Extensions.Data", "..\..\library\StartFMS.Extensions.Data\StartFMS.Extensions.Data.csproj", "{2C7AA9A4-AE1E-4C8C-82EC-90B4F0FB5B54}"
EndProject
Project("{9A19103F-16F7-4668-BE54-9A1E7A4F7556}") = "StartFMS.Extensions.LineTests", "StartFMS.Extensions.LineTests.csproj", "{45D06202-E3C0-4329-BF8B-EE7625C340FE}"
EndProject
Global
	GlobalSection(SolutionConfigurationPlatforms) = preSolution
		Debug|Any CPU = Debug|Any CPU
		Release|Any CPU = Release|Any CPU
	EndGlobalSection
	GlobalSection(ProjectConfigurationPlatforms) = postSolution
		{22902879-0CDD-4D7F-BD07-0D72835426D0}.Debug|Any CPU.ActiveCfg = Debug|Any CPU
		{22902879-0CDD-4D7F-BD07-0D72835426D0}.Debug|Any CPU.Build.0 = Debug|Any CPU
		{22902879-0CDD-4D7F-BD07-0D72835426D0}.Release|Any CPU.ActiveCfg = Release|Any CPU
		{22902879-0CDD-4D7F-BD07-0D72835426D0}.Release|Any CPU.Build.0 = Release|Any CPU
		{2C7AA9A4-AE1E-4C8C-82EC-90B4F0FB5B54}.Debug|Any CPU.ActiveCfg = Debug|Any CPU
		{2C7AA9A4-AE1E-4C8C-82EC-90B4F0FB5B54}.Debug|Any CPU.Build.0 = Debug|Any CPU
		{2C7AA9A4-AE1E-4C8C-82EC-90B4F0FB5B54}.Release|Any CPU.ActiveCfg = Release|Any CPU
		{2C7AA9A4-AE1E-4C8C-82EC-90B4F0FB5B54}.Release|Any CPU.Build.0 = Release|Any CPU
		{45D06202-E3C0-4329-BF8B-EE7625C340FE}.Debug|Any CPU.ActiveCfg = Debug|Any CPU
		{45D06202-E3C0-4329-BF8B-EE7625C340FE}.Debug|Any CPU.Build.0 = Debug|Any CPU
		{45D06202-E3C0-4329-BF8B-EE7625C340FE}.Release|Any CPU.ActiveCfg = Release|Any CPU
		{45D06202-E3C0-4329-BF8B-EE7625C340FE}.Release|Any CPU.Build.0 = Release|Any CPU
	EndGlobalSection
	GlobalSection(SolutionProperties) = preSolution
		HideSolutionNode = FALSE
	EndGlobalSection
	GlobalSection(ExtensibilityGlobals) = postSolution
		SolutionGuid = {F1AFBBC2-C976-4F5D-91B3-A530AFD40883}
	EndGlobalSection
EndGlobal
