
Microsoft Visual Studio Solution File, Format Version 12.00
# Visual Studio Version 17
VisualStudioVersion = 17.6.33513.286
MinimumVisualStudioVersion = 10.0.40219.1
Project("{9A19103F-16F7-4668-BE54-9A1E7A4F7556}") = "StartFMS.Extensions.Data", "..\..\library\StartFMS.Extensions.Data\StartFMS.Extensions.Data.csproj", "{5B0C3AFC-F405-4F31-8B53-C5E1BCC54C32}"
EndProject
Project("{9A19103F-16F7-4668-BE54-9A1E7A4F7556}") = "StartFMS.Extensions.DataTests", "StartFMS.Extensions.DataTests.csproj", "{66B984C6-26C6-4CD0-AA10-E47BD72031F1}"
EndProject
Global
	GlobalSection(SolutionConfigurationPlatforms) = preSolution
		Debug|Any CPU = Debug|Any CPU
		Release|Any CPU = Release|Any CPU
	EndGlobalSection
	GlobalSection(ProjectConfigurationPlatforms) = postSolution
		{5B0C3AFC-F405-4F31-8B53-C5E1BCC54C32}.Debug|Any CPU.ActiveCfg = Debug|Any CPU
		{5B0C3AFC-F405-4F31-8B53-C5E1BCC54C32}.Debug|Any CPU.Build.0 = Debug|Any CPU
		{5B0C3AFC-F405-4F31-8B53-C5E1BCC54C32}.Release|Any CPU.ActiveCfg = Release|Any CPU
		{5B0C3AFC-F405-4F31-8B53-C5E1BCC54C32}.Release|Any CPU.Build.0 = Release|Any CPU
		{66B984C6-26C6-4CD0-AA10-E47BD72031F1}.Debug|Any CPU.ActiveCfg = Debug|Any CPU
		{66B984C6-26C6-4CD0-AA10-E47BD72031F1}.Debug|Any CPU.Build.0 = Debug|Any CPU
		{66B984C6-26C6-4CD0-AA10-E47BD72031F1}.Release|Any CPU.ActiveCfg = Release|Any CPU
		{66B984C6-26C6-4CD0-AA10-E47BD72031F1}.Release|Any CPU.Build.0 = Release|Any CPU
	EndGlobalSection
	GlobalSection(SolutionProperties) = preSolution
		HideSolutionNode = FALSE
	EndGlobalSection
	GlobalSection(ExtensibilityGlobals) = postSolution
		SolutionGuid = {38B95A77-0814-4562-BB78-747D7D312AAA}
	EndGlobalSection
EndGlobal
